// !$*UTF8*$!
{
	archiveVersion = 1;
	classes = {
	};
	objectVersion = 50;
	objects = {

/* Begin PBXBuildFile section */
		EDA320CC25B349B300A4384A /* AppDelegate.swift in Sources */ = {isa = PBXBuildFile; fileRef = EDA320CB25B349B300A4384A /* AppDelegate.swift */; };
		EDA320CE25B349B300A4384A /* SceneDelegate.swift in Sources */ = {isa = PBXBuildFile; fileRef = EDA320CD25B349B300A4384A /* SceneDelegate.swift */; };
		EDA320D025B349B300A4384A /* ViewController.swift in Sources */ = {isa = PBXBuildFile; fileRef = EDA320CF25B349B300A4384A /* ViewController.swift */; };
		EDA320D325B349B300A4384A /* Main.storyboard in Resources */ = {isa = PBXBuildFile; fileRef = EDA320D125B349B300A4384A /* Main.storyboard */; };
		EDA320D625B349B300A4384A /* SistemasOperacionais.xcdatamodeld in Sources */ = {isa = PBXBuildFile; fileRef = EDA320D425B349B300A4384A /* SistemasOperacionais.xcdatamodeld */; };
		EDA320D825B349B700A4384A /* Assets.xcassets in Resources */ = {isa = PBXBuildFile; fileRef = EDA320D725B349B700A4384A /* Assets.xcassets */; };
		EDA320DB25B349B700A4384A /* LaunchScreen.storyboard in Resources */ = {isa = PBXBuildFile; fileRef = EDA320D925B349B700A4384A /* LaunchScreen.storyboard */; };
/* End PBXBuildFile section */

/* Begin PBXFileReference section */
		EDA320C825B349B300A4384A /* SistemasOperacionais.app */ = {isa = PBXFileReference; explicitFileType = wrapper.application; includeInIndex = 0; path = SistemasOperacionais.app; sourceTree = BUILT_PRODUCTS_DIR; };
		EDA320CB25B349B300A4384A /* AppDelegate.swift */ = {isa = PBXFileReference; lastKnownFileType = sourcecode.swift; path = AppDelegate.swift; sourceTree = "<group>"; };
		EDA320CD25B349B300A4384A /* SceneDelegate.swift */ = {isa = PBXFileReference; lastKnownFileType = sourcecode.swift; path = SceneDelegate.swift; sourceTree = "<group>"; };
		EDA320CF25B349B300A4384A /* ViewController.swift */ = {isa = PBXFileReference; lastKnownFileType = sourcecode.swift; path = ViewController.swift; sourceTree = "<group>"; };
		EDA320D225B349B300A4384A /* Base */ = {isa = PBXFileReference; lastKnownFileType = file.storyboard; name = Base; path = Base.lproj/Main.storyboard; sourceTree = "<group>"; };
		EDA320D525B349B300A4384A /* SistemasOperacionais.xcdatamodel */ = {isa = PBXFileReference; lastKnownFileType = wrapper.xcdatamodel; path = SistemasOperacionais.xcdatamodel; sourceTree = "<group>"; };
		EDA320D725B349B700A4384A /* Assets.xcassets */ = {isa = PBXFileReference; lastKnownFileType = folder.assetcatalog; path = Assets.xcassets; sourceTree = "<group>"; };
		EDA320DA25B349B700A4384A /* Base */ = {isa = PBXFileReference; lastKnownFileType = file.storyboard; name = Base; path = Base.lproj/LaunchScreen.storyboard; sourceTree = "<group>"; };
		EDA320DC25B349B700A4384A /* Info.plist */ = {isa = PBXFileReference; lastKnownFileType = text.plist.xml; path = Info.plist; sourceTree = "<group>"; };
/* End PBXFileReference section */

/* Begin PBXFrameworksBuildPhase section */
		EDA320C525B349B300A4384A /* Frameworks */ = {
			isa = PBXFrameworksBuildPhase;
			buildActionMask = 2147483647;
			files = (
			);
			runOnlyForDeploymentPostprocessing = 0;
		};
/* End PBXFrameworksBuildPhase section */

/* Begin PBXGroup section */
		EDA320BF25B349B300A4384A = {
			isa = PBXGroup;
			children = (
				EDA320CA25B349B300A4384A /* SistemasOperacionais */,
				EDA320C925B349B300A4384A /* Products */,
			);
			sourceTree = "<group>";
		};
		EDA320C925B349B300A4384A /* Products */ = {
			isa = PBXGroup;
			children = (
				EDA320C825B349B300A4384A /* SistemasOperacionais.app */,
			);
			name = Products;
			sourceTree = "<group>";
		};
		EDA320CA25B349B300A4384A /* SistemasOperacionais */ = {
			isa = PBXGroup;
			children = (
				EDA320CB25B349B300A4384A /* AppDelegate.swift */,
				EDA320CD25B349B300A4384A /* SceneDelegate.swift */,
				EDA320CF25B349B300A4384A /* ViewController.swift */,
				EDA320D125B349B300A4384A /* Main.storyboard */,
				EDA320D725B349B700A4384A /* Assets.xcassets */,
				EDA320D925B349B700A4384A /* LaunchScreen.storyboard */,
				EDA320DC25B349B700A4384A /* Info.plist */,
				EDA320D425B349B300A4384A /* SistemasOperacionais.xcdatamodeld */,
			);
			path = SistemasOperacionais;
			sourceTree = "<group>";
		};
/* End PBXGroup section */

/* Begin PBXNativeTarget section */
		EDA320C725B349B300A4384A /* SistemasOperacionais */ = {
			isa = PBXNativeTarget;
			buildConfigurationList = EDA320DF25B349B700A4384A /* Build configuration list for PBXNativeTarget "SistemasOperacionais" */;
			buildPhases = (
				EDA320C425B349B300A4384A /* Sources */,
				EDA320C525B349B300A4384A /* Frameworks */,
				EDA320C625B349B300A4384A /* Resources */,
			);
			buildRules = (
			);
			dependencies = (
			);
			name = SistemasOperacionais;
			productName = SistemasOperacionais;
			productReference = EDA320C825B349B300A4384A /* SistemasOperacionais.app */;
			productType = "com.apple.product-type.application";
		};
/* End PBXNativeTarget section */

/* Begin PBXProject section */
		EDA320C025B349B300A4384A /* Project object */ = {
			isa = PBXProject;
			attributes = {
				LastSwiftUpdateCheck = 1170;
				LastUpgradeCheck = 1170;
				ORGANIZATIONNAME = "Fernando Vicente Grando Monteiro";
				TargetAttributes = {
					EDA320C725B349B300A4384A = {
						CreatedOnToolsVersion = 11.7;
					};
				};
			};
			buildConfigurationList = EDA320C325B349B300A4384A /* Build configuration list for PBXProject "SistemasOperacionais" */;
			compatibilityVersion = "Xcode 9.3";
			developmentRegion = en;
			hasScannedForEncodings = 0;
			knownRegions = (
				en,
				Base,
			);
			mainGroup = EDA320BF25B349B300A4384A;
			productRefGroup = EDA320C925B349B300A4384A /* Products */;
			projectDirPath = "";
			projectRoot = "";
			targets = (
				EDA320C725B349B300A4384A /* SistemasOperacionais */,
			);
		};
/* End PBXProject section */

/* Begin PBXResourcesBuildPhase section */
		EDA320C625B349B300A4384A /* Resources */ = {
			isa = PBXResourcesBuildPhase;
			buildActionMask = 2147483647;
			files = (
				EDA320DB25B349B700A4384A /* LaunchScreen.storyboard in Resources */,
				EDA320D825B349B700A4384A /* Assets.xcassets in Resources */,
				EDA320D325B349B300A4384A /* Main.storyboard in Resources */,
			);
			runOnlyForDeploymentPostprocessing = 0;
		};
/* End PBXResourcesBuildPhase section */

/* Begin PBXSourcesBuildPhase section */
		EDA320C425B349B300A4384A /* Sources */ = {
			isa = PBXSourcesBuildPhase;
			buildActionMask = 2147483647;
			files = (
				EDA320D025B349B300A4384A /* ViewController.swift in Sources */,
				EDA320D625B349B300A4384A /* SistemasOperacionais.xcdatamodeld in Sources */,
				EDA320CC25B349B300A4384A /* AppDelegate.swift in Sources */,
				EDA320CE25B349B300A4384A /* SceneDelegate.swift in Sources */,
			);
			runOnlyForDeploymentPostprocessing = 0;
		};
/* End PBXSourcesBuildPhase section */

/* Begin PBXVariantGroup section */
		EDA320D125B349B300A4384A /* Main.storyboard */ = {
			isa = PBXVariantGroup;
			children = (
				EDA320D225B349B300A4384A /* Base */,
			);
			name = Main.storyboard;
			sourceTree = "<group>";
		};
		EDA320D925B349B700A4384A /* LaunchScreen.storyboard */ = {
			isa = PBXVariantGroup;
			children = (
				EDA320DA25B349B700A4384A /* Base */,
			);
			name = LaunchScreen.storyboard;
			sourceTree = "<group>";
		};
/* End PBXVariantGroup section */

/* Begin XCBuildConfiguration section */
		EDA320DD25B349B700A4384A /* Debug */ = {
			isa = XCBuildConfiguration;
			buildSettings = {
				ALWAYS_SEARCH_USER_PATHS = NO;
				CLANG_ANALYZER_NONNULL = YES;
				CLANG_ANALYZER_NUMBER_OBJECT_CONVERSION = YES_AGGRESSIVE;
				CLANG_CXX_LANGUAGE_STANDARD = "gnu++14";
				CLANG_CXX_LIBRARY = "libc++";
				CLANG_ENABLE_MODULES = YES;
				CLANG_ENABLE_OBJC_ARC = YES;
				CLANG_ENABLE_OBJC_WEAK = YES;
				CLANG_WARN_BLOCK_CAPTURE_AUTORELEASING = YES;
				CLANG_WARN_BOOL_CONVERSION = YES;
				CLANG_WARN_COMMA = YES;
				CLANG_WARN_CONSTANT_CONVERSION = YES;
				CLANG_WARN_DEPRECATED_OBJC_IMPLEMENTATIONS = YES;
				CLANG_WARN_DIRECT_OBJC_ISA_USAGE = YES_ERROR;
				CLANG_WARN_DOCUMENTATION_COMMENTS = YES;
				CLANG_WARN_EMPTY_BODY = YES;
				CLANG_WARN_ENUM_CONVERSION = YES;
				CLANG_WARN_INFINITE_RECURSION = YES;
				CLANG_WARN_INT_CONVERSION = YES;
				CLANG_WARN_NON_LITERAL_NULL_CONVERSION = YES;
				CLANG_WARN_OBJC_IMPLICIT_RETAIN_SELF = YES;
				CLANG_WARN_OBJC_LITERAL_CONVERSION = YES;
				CLANG_WARN_OBJC_ROOT_CLASS = YES_ERROR;
				CLANG_WARN_RANGE_LOOP_ANALYSIS = YES;
				CLANG_WARN_STRICT_PROTOTYPES = YES;
				CLANG_WARN_SUSPICIOUS_MOVE = YES;
				CLANG_WARN_UNGUARDED_AVAILABILITY = YES_AGGRESSIVE;
				CLANG_WARN_UNREACHABLE_CODE = YES;
				CLANG_WARN__DUPLICATE_METHOD_MATCH = YES;
				COPY_PHASE_STRIP = NO;
				DEBUG_INFORMATION_FORMAT = dwarf;
				ENABLE_STRICT_OBJC_MSGSEND = YES;
				ENABLE_TESTABILITY = YES;
				GCC_C_LANGUAGE_STANDARD = gnu11;
				GCC_DYNAMIC_NO_PIC = NO;
				GCC_NO_COMMON_BLOCKS = YES;
				GCC_OPTIMIZATION_LEVEL = 0;
				GCC_PREPROCESSOR_DEFINITIONS = (
					"DEBUG=1",
					"$(inherited)",
				);
				GCC_WARN_64_TO_32_BIT_CONVERSION = YES;
				GCC_WARN_ABOUT_RETURN_TYPE = YES_ERROR;
				GCC_WARN_UNDECLARED_SELECTOR = YES;
				GCC_WARN_UNINITIALIZED_AUTOS = YES_AGGRESSIVE;
				GCC_WARN_UNUSED_FUNCTION = YES;
				GCC_WARN_UNUSED_VARIABLE = YES;
				IPHONEOS_DEPLOYMENT_TARGET = 13.7;
				MTL_ENABLE_DEBUG_INFO = INCLUDE_SOURCE;
				MTL_FAST_MATH = YES;
				ONLY_ACTIVE_ARCH = YES;
				SDKROOT = iphoneos;
				SWIFT_ACTIVE_COMPILATION_CONDITIONS = DEBUG;
				SWIFT_OPTIMIZATION_LEVEL = "-Onone";
			};
			name = Debug;
		};
		EDA320DE25B349B700A4384A /* Release */ = {
			isa = XCBuildConfiguration;
			buildSettings = {
				ALWAYS_SEARCH_USER_PATHS = NO;
				CLANG_ANALYZER_NONNULL = YES;
				CLANG_ANALYZER_NUMBER_OBJECT_CONVERSION = YES_AGGRESSIVE;
				CLANG_CXX_LANGUAGE_STANDARD = "gnu++14";
				CLANG_CXX_LIBRARY = "libc++";
				CLANG_ENABLE_MODULES = YES;
				CLANG_ENABLE_OBJC_ARC = YES;
				CLANG_ENABLE_OBJC_WEAK = YES;
				CLANG_WARN_BLOCK_CAPTURE_AUTORELEASING = YES;
				CLANG_WARN_BOOL_CONVERSION = YES;
				CLANG_WARN_COMMA = YES;
				CLANG_WARN_CONSTANT_CONVERSION = YES;
				CLANG_WARN_DEPRECATED_OBJC_IMPLEMENTATIONS = YES;
				CLANG_WARN_DIRECT_OBJC_ISA_USAGE = YES_ERROR;
				CLANG_WARN_DOCUMENTATION_COMMENTS = YES;
				CLANG_WARN_EMPTY_BODY = YES;
				CLANG_WARN_ENUM_CONVERSION = YES;
				CLANG_WARN_INFINITE_RECURSION = YES;
				CLANG_WARN_INT_CONVERSION = YES;
				CLANG_WARN_NON_LITERAL_NULL_CONVERSION = YES;
				CLANG_WARN_OBJC_IMPLICIT_RETAIN_SELF = YES;
				CLANG_WARN_OBJC_LITERAL_CONVERSION = YES;
				CLANG_WARN_OBJC_ROOT_CLASS = YES_ERROR;
				CLANG_WARN_RANGE_LOOP_ANALYSIS = YES;
				CLANG_WARN_STRICT_PROTOTYPES = YES;
				CLANG_WARN_SUSPICIOUS_MOVE = YES;
				CLANG_WARN_UNGUARDED_AVAILABILITY = YES_AGGRESSIVE;
				CLANG_WARN_UNREACHABLE_CODE = YES;
				CLANG_WARN__DUPLICATE_METHOD_MATCH = YES;
				COPY_PHASE_STRIP = NO;
				DEBUG_INFORMATION_FORMAT = "dwarf-with-dsym";
				ENABLE_NS_ASSERTIONS = NO;
				ENABLE_STRICT_OBJC_MSGSEND = YES;
				GCC_C_LANGUAGE_STANDARD = gnu11;
				GCC_NO_COMMON_BLOCKS = YES;
				GCC_WARN_64_TO_32_BIT_CONVERSION = YES;
				GCC_WARN_ABOUT_RETURN_TYPE = YES_ERROR;
				GCC_WARN_UNDECLARED_SELECTOR = YES;
				GCC_WARN_UNINITIALIZED_AUTOS = YES_AGGRESSIVE;
				GCC_WARN_UNUSED_FUNCTION = YES;
				GCC_WARN_UNUSED_VARIABLE = YES;
				IPHONEOS_DEPLOYMENT_TARGET = 13.7;
				MTL_ENABLE_DEBUG_INFO = NO;
				MTL_FAST_MATH = YES;
				SDKROOT = iphoneos;
				SWIFT_COMPILATION_MODE = wholemodule;
				SWIFT_OPTIMIZATION_LEVEL = "-O";
				VALIDATE_PRODUCT = YES;
			};
			name = Release;
		};
		EDA320E025B349B700A4384A /* Debug */ = {
			isa = XCBuildConfiguration;
			buildSettings = {
				ASSETCATALOG_COMPILER_APPICON_NAME = AppIcon;
				CODE_SIGN_STYLE = Automatic;
				DEVELOPMENT_TEAM = AYV4ZU8A25;
				INFOPLIST_FILE = SistemasOperacionais/Info.plist;
				LD_RUNPATH_SEARCH_PATHS = (
					"$(inherited)",
					"@executable_path/Frameworks",
				);
				PRODUCT_BUNDLE_IDENTIFIER = com.fvgmonteiro.SistemasOperacionais;
				PRODUCT_NAME = "$(TARGET_NAME)";
				SWIFT_VERSION = 5.0;
				TARGETED_DEVICE_FAMILY = "1,2";
			};
			name = Debug;
		};
		EDA320E125B349B700A4384A /* Release */ = {
			isa = XCBuildConfiguration;
			buildSettings = {
				ASSETCATALOG_COMPILER_APPICON_NAME = AppIcon;
				CODE_SIGN_STYLE = Automatic;
				DEVELOPMENT_TEAM = AYV4ZU8A25;
				INFOPLIST_FILE = SistemasOperacionais/Info.plist;
				LD_RUNPATH_SEARCH_PATHS = (
					"$(inherited)",
					"@executable_path/Frameworks",
				);
				PRODUCT_BUNDLE_IDENTIFIER = com.fvgmonteiro.SistemasOperacionais;
				PRODUCT_NAME = "$(TARGET_NAME)";
				SWIFT_VERSION = 5.0;
				TARGETED_DEVICE_FAMILY = "1,2";
			};
			name = Release;
		};
/* End XCBuildConfiguration section */

/* Begin XCConfigurationList section */
		EDA320C325B349B300A4384A /* Build configuration list for PBXProject "SistemasOperacionais" */ = {
			isa = XCConfigurationList;
			buildConfigurations = (
				EDA320DD25B349B700A4384A /* Debug */,
				EDA320DE25B349B700A4384A /* Release */,
			);
			defaultConfigurationIsVisible = 0;
			defaultConfigurationName = Release;
		};
		EDA320DF25B349B700A4384A /* Build configuration list for PBXNativeTarget "SistemasOperacionais" */ = {
			isa = XCConfigurationList;
			buildConfigurations = (
				EDA320E025B349B700A4384A /* Debug */,
				EDA320E125B349B700A4384A /* Release */,
			);
			defaultConfigurationIsVisible = 0;
			defaultConfigurationName = Release;
		};
/* End XCConfigurationList section */

/* Begin XCVersionGroup section */
		EDA320D425B349B300A4384A /* SistemasOperacionais.xcdatamodeld */ = {
			isa = XCVersionGroup;
			children = (
				EDA320D525B349B300A4384A /* SistemasOperacionais.xcdatamodel */,
			);
			currentVersion = EDA320D525B349B300A4384A /* SistemasOperacionais.xcdatamodel */;
			path = SistemasOperacionais.xcdatamodeld;
			sourceTree = "<group>";
			versionGroupType = wrapper.xcdatamodel;
		};
/* End XCVersionGroup section */
	};
	rootObject = EDA320C025B349B300A4384A /* Project object */;
}
